// !$*UTF8*$!
{
	archiveVersion = 1;
	classes = {
	};
	objectVersion = 55;
	objects = {

/* Begin PBXBuildFile section */
		D61B10A22867AF9F0071A8F4 /* SwiftUISwipeApp.swift in Sources */ = {isa = PBXBuildFile; fileRef = D61B10A12867AF9F0071A8F4 /* SwiftUISwipeApp.swift */; };
		D61B10A42867AF9F0071A8F4 /* ContentView.swift in Sources */ = {isa = PBXBuildFile; fileRef = D61B10A32867AF9F0071A8F4 /* ContentView.swift */; };
		D61B10A62867AFA20071A8F4 /* Assets.xcassets in Resources */ = {isa = PBXBuildFile; fileRef = D61B10A52867AFA20071A8F4 /* Assets.xcassets */; };
		D61B10A92867AFA20071A8F4 /* Preview Assets.xcassets in Resources */ = {isa = PBXBuildFile; fileRef = D61B10A82867AFA20071A8F4 /* Preview Assets.xcassets */; };
		D61B10B32867AFA20071A8F4 /* SwiftUISwipeTests.swift in Sources */ = {isa = PBXBuildFile; fileRef = D61B10B22867AFA20071A8F4 /* SwiftUISwipeTests.swift */; };
		D61B10BD2867AFA20071A8F4 /* SwiftUISwipeUITests.swift in Sources */ = {isa = PBXBuildFile; fileRef = D61B10BC2867AFA20071A8F4 /* SwiftUISwipeUITests.swift */; };
		D61B10BF2867AFA20071A8F4 /* SwiftUISwipeUITestsLaunchTests.swift in Sources */ = {isa = PBXBuildFile; fileRef = D61B10BE2867AFA20071A8F4 /* SwiftUISwipeUITestsLaunchTests.swift */; };
/* End PBXBuildFile section */

/* Begin PBXContainerItemProxy section */
		D61B10AF2867AFA20071A8F4 /* PBXContainerItemProxy */ = {
			isa = PBXContainerItemProxy;
			containerPortal = D61B10962867AF9F0071A8F4 /* Project object */;
			proxyType = 1;
			remoteGlobalIDString = D61B109D2867AF9F0071A8F4;
			remoteInfo = SwiftUISwipe;
		};
		D61B10B92867AFA20071A8F4 /* PBXContainerItemProxy */ = {
			isa = PBXContainerItemProxy;
			containerPortal = D61B10962867AF9F0071A8F4 /* Project object */;
			proxyType = 1;
			remoteGlobalIDString = D61B109D2867AF9F0071A8F4;
			remoteInfo = SwiftUISwipe;
		};
/* End PBXContainerItemProxy section */

/* Begin PBXFileReference section */
		D61B109E2867AF9F0071A8F4 /* SwiftUISwipe.app */ = {isa = PBXFileReference; explicitFileType = wrapper.application; includeInIndex = 0; path = SwiftUISwipe.app; sourceTree = BUILT_PRODUCTS_DIR; };
		D61B10A12867AF9F0071A8F4 /* SwiftUISwipeApp.swift */ = {isa = PBXFileReference; lastKnownFileType = sourcecode.swift; path = SwiftUISwipeApp.swift; sourceTree = "<group>"; };
		D61B10A32867AF9F0071A8F4 /* ContentView.swift */ = {isa = PBXFileReference; lastKnownFileType = sourcecode.swift; path = ContentView.swift; sourceTree = "<group>"; };
		D61B10A52867AFA20071A8F4 /* Assets.xcassets */ = {isa = PBXFileReference; lastKnownFileType = folder.assetcatalog; path = Assets.xcassets; sourceTree = "<group>"; };
		D61B10A82867AFA20071A8F4 /* Preview Assets.xcassets */ = {isa = PBXFileReference; lastKnownFileType = folder.assetcatalog; path = "Preview Assets.xcassets"; sourceTree = "<group>"; };
		D61B10AE2867AFA20071A8F4 /* SwiftUISwipeTests.xctest */ = {isa = PBXFileReference; explicitFileType = wrapper.cfbundle; includeInIndex = 0; path = SwiftUISwipeTests.xctest; sourceTree = BUILT_PRODUCTS_DIR; };
		D61B10B22867AFA20071A8F4 /* SwiftUISwipeTests.swift */ = {isa = PBXFileReference; lastKnownFileType = sourcecode.swift; path = SwiftUISwipeTests.swift; sourceTree = "<group>"; };
		D61B10B82867AFA20071A8F4 /* SwiftUISwipeUITests.xctest */ = {isa = PBXFileReference; explicitFileType = wrapper.cfbundle; includeInIndex = 0; path = SwiftUISwipeUITests.xctest; sourceTree = BUILT_PRODUCTS_DIR; };
		D61B10BC2867AFA20071A8F4 /* SwiftUISwipeUITests.swift */ = {isa = PBXFileReference; lastKnownFileType = sourcecode.swift; path = SwiftUISwipeUITests.swift; sourceTree = "<group>"; };
		D61B10BE2867AFA20071A8F4 /* SwiftUISwipeUITestsLaunchTests.swift */ = {isa = PBXFileReference; lastKnownFileType = sourcecode.swift; path = SwiftUISwipeUITestsLaunchTests.swift; sourceTree = "<group>"; };
/* End PBXFileReference section */

/* Begin PBXFrameworksBuildPhase section */
		D61B109B2867AF9F0071A8F4 /* Frameworks */ = {
			isa = PBXFrameworksBuildPhase;
			buildActionMask = 2147483647;
			files = (
			);
			runOnlyForDeploymentPostprocessing = 0;
		};
		D61B10AB2867AFA20071A8F4 /* Frameworks */ = {
			isa = PBXFrameworksBuildPhase;
			buildActionMask = 2147483647;
			files = (
			);
			runOnlyForDeploymentPostprocessing = 0;
		};
		D61B10B52867AFA20071A8F4 /* Frameworks */ = {
			isa = PBXFrameworksBuildPhase;
			buildActionMask = 2147483647;
			files = (
			);
			runOnlyForDeploymentPostprocessing = 0;
		};
/* End PBXFrameworksBuildPhase section */

/* Begin PBXGroup section */
		D61B10952867AF9F0071A8F4 = {
			isa = PBXGroup;
			children = (
				D61B10A02867AF9F0071A8F4 /* SwiftUISwipe */,
				D61B10B12867AFA20071A8F4 /* SwiftUISwipeTests */,
				D61B10BB2867AFA20071A8F4 /* SwiftUISwipeUITests */,
				D61B109F2867AF9F0071A8F4 /* Products */,
			);
			sourceTree = "<group>";
		};
		D61B109F2867AF9F0071A8F4 /* Products */ = {
			isa = PBXGroup;
			children = (
				D61B109E2867AF9F0071A8F4 /* SwiftUISwipe.app */,
				D61B10AE2867AFA20071A8F4 /* SwiftUISwipeTests.xctest */,
				D61B10B82867AFA20071A8F4 /* SwiftUISwipeUITests.xctest */,
			);
			name = Products;
			sourceTree = "<group>";
		};
		D61B10A02867AF9F0071A8F4 /* SwiftUISwipe */ = {
			isa = PBXGroup;
			children = (
				D61B10A12867AF9F0071A8F4 /* SwiftUISwipeApp.swift */,
				D61B10A32867AF9F0071A8F4 /* ContentView.swift */,
				D61B10A52867AFA20071A8F4 /* Assets.xcassets */,
				D61B10A72867AFA20071A8F4 /* Preview Content */,
			);
			path = SwiftUISwipe;
			sourceTree = "<group>";
		};
		D61B10A72867AFA20071A8F4 /* Preview Content */ = {
			isa = PBXGroup;
			children = (
				D61B10A82867AFA20071A8F4 /* Preview Assets.xcassets */,
			);
			path = "Preview Content";
			sourceTree = "<group>";
		};
		D61B10B12867AFA20071A8F4 /* SwiftUISwipeTests */ = {
			isa = PBXGroup;
			children = (
				D61B10B22867AFA20071A8F4 /* SwiftUISwipeTests.swift */,
			);
			path = SwiftUISwipeTests;
			sourceTree = "<group>";
		};
		D61B10BB2867AFA20071A8F4 /* SwiftUISwipeUITests */ = {
			isa = PBXGroup;
			children = (
				D61B10BC2867AFA20071A8F4 /* SwiftUISwipeUITests.swift */,
				D61B10BE2867AFA20071A8F4 /* SwiftUISwipeUITestsLaunchTests.swift */,
			);
			path = SwiftUISwipeUITests;
			sourceTree = "<group>";
		};
/* End PBXGroup section */

/* Begin PBXNativeTarget section */
		D61B109D2867AF9F0071A8F4 /* SwiftUISwipe */ = {
			isa = PBXNativeTarget;
			buildConfigurationList = D61B10C22867AFA20071A8F4 /* Build configuration list for PBXNativeTarget "SwiftUISwipe" */;
			buildPhases = (
				D61B109A2867AF9F0071A8F4 /* Sources */,
				D61B109B2867AF9F0071A8F4 /* Frameworks */,
				D61B109C2867AF9F0071A8F4 /* Resources */,
			);
			buildRules = (
			);
			dependencies = (
			);
			name = SwiftUISwipe;
			productName = SwiftUISwipe;
			productReference = D61B109E2867AF9F0071A8F4 /* SwiftUISwipe.app */;
			productType = "com.apple.product-type.application";
		};
		D61B10AD2867AFA20071A8F4 /* SwiftUISwipeTests */ = {
			isa = PBXNativeTarget;
			buildConfigurationList = D61B10C52867AFA20071A8F4 /* Build configuration list for PBXNativeTarget "SwiftUISwipeTests" */;
			buildPhases = (
				D61B10AA2867AFA20071A8F4 /* Sources */,
				D61B10AB2867AFA20071A8F4 /* Frameworks */,
				D61B10AC2867AFA20071A8F4 /* Resources */,
			);
			buildRules = (
			);
			dependencies = (
				D61B10B02867AFA20071A8F4 /* PBXTargetDependency */,
			);
			name = SwiftUISwipeTests;
			productName = SwiftUISwipeTests;
			productReference = D61B10AE2867AFA20071A8F4 /* SwiftUISwipeTests.xctest */;
			productType = "com.apple.product-type.bundle.unit-test";
		};
		D61B10B72867AFA20071A8F4 /* SwiftUISwipeUITests */ = {
			isa = PBXNativeTarget;
			buildConfigurationList = D61B10C82867AFA20071A8F4 /* Build configuration list for PBXNativeTarget "SwiftUISwipeUITests" */;
			buildPhases = (
				D61B10B42867AFA20071A8F4 /* Sources */,
				D61B10B52867AFA20071A8F4 /* Frameworks */,
				D61B10B62867AFA20071A8F4 /* Resources */,
			);
			buildRules = (
			);
			dependencies = (
				D61B10BA2867AFA20071A8F4 /* PBXTargetDependency */,
			);
			name = SwiftUISwipeUITests;
			productName = SwiftUISwipeUITests;
			productReference = D61B10B82867AFA20071A8F4 /* SwiftUISwipeUITests.xctest */;
			productType = "com.apple.product-type.bundle.ui-testing";
		};
/* End PBXNativeTarget section */

/* Begin PBXProject section */
		D61B10962867AF9F0071A8F4 /* Project object */ = {
			isa = PBXProject;
			attributes = {
				BuildIndependentTargetsInParallel = 1;
				LastSwiftUpdateCheck = 1320;
				LastUpgradeCheck = 1320;
				TargetAttributes = {
					D61B109D2867AF9F0071A8F4 = {
						CreatedOnToolsVersion = 13.2.1;
					};
					D61B10AD2867AFA20071A8F4 = {
						CreatedOnToolsVersion = 13.2.1;
						TestTargetID = D61B109D2867AF9F0071A8F4;
					};
					D61B10B72867AFA20071A8F4 = {
						CreatedOnToolsVersion = 13.2.1;
						TestTargetID = D61B109D2867AF9F0071A8F4;
					};
				};
			};
			buildConfigurationList = D61B10992867AF9F0071A8F4 /* Build configuration list for PBXProject "SwiftUISwipe" */;
			compatibilityVersion = "Xcode 13.0";
			developmentRegion = en;
			hasScannedForEncodings = 0;
			knownRegions = (
				en,
				Base,
			);
			mainGroup = D61B10952867AF9F0071A8F4;
			productRefGroup = D61B109F2867AF9F0071A8F4 /* Products */;
			projectDirPath = "";
			projectRoot = "";
			targets = (
				D61B109D2867AF9F0071A8F4 /* SwiftUISwipe */,
				D61B10AD2867AFA20071A8F4 /* SwiftUISwipeTests */,
				D61B10B72867AFA20071A8F4 /* SwiftUISwipeUITests */,
			);
		};
/* End PBXProject section */

/* Begin PBXResourcesBuildPhase section */
		D61B109C2867AF9F0071A8F4 /* Resources */ = {
			isa = PBXResourcesBuildPhase;
			buildActionMask = 2147483647;
			files = (
				D61B10A92867AFA20071A8F4 /* Preview Assets.xcassets in Resources */,
				D61B10A62867AFA20071A8F4 /* Assets.xcassets in Resources */,
			);
			runOnlyForDeploymentPostprocessing = 0;
		};
		D61B10AC2867AFA20071A8F4 /* Resources */ = {
			isa = PBXResourcesBuildPhase;
			buildActionMask = 2147483647;
			files = (
			);
			runOnlyForDeploymentPostprocessing = 0;
		};
		D61B10B62867AFA20071A8F4 /* Resources */ = {
			isa = PBXResourcesBuildPhase;
			buildActionMask = 2147483647;
			files = (
			);
			runOnlyForDeploymentPostprocessing = 0;
		};
/* End PBXResourcesBuildPhase section */

/* Begin PBXSourcesBuildPhase section */
		D61B109A2867AF9F0071A8F4 /* Sources */ = {
			isa = PBXSourcesBuildPhase;
			buildActionMask = 2147483647;
			files = (
				D61B10A42867AF9F0071A8F4 /* ContentView.swift in Sources */,
				D61B10A22867AF9F0071A8F4 /* SwiftUISwipeApp.swift in Sources */,
			);
			runOnlyForDeploymentPostprocessing = 0;
		};
		D61B10AA2867AFA20071A8F4 /* Sources */ = {
			isa = PBXSourcesBuildPhase;
			buildActionMask = 2147483647;
			files = (
				D61B10B32867AFA20071A8F4 /* SwiftUISwipeTests.swift in Sources */,
			);
			runOnlyForDeploymentPostprocessing = 0;
		};
		D61B10B42867AFA20071A8F4 /* Sources */ = {
			isa = PBXSourcesBuildPhase;
			buildActionMask = 2147483647;
			files = (
				D61B10BD2867AFA20071A8F4 /* SwiftUISwipeUITests.swift in Sources */,
				D61B10BF2867AFA20071A8F4 /* SwiftUISwipeUITestsLaunchTests.swift in Sources */,
			);
			runOnlyForDeploymentPostprocessing = 0;
		};
/* End PBXSourcesBuildPhase section */

/* Begin PBXTargetDependency section */
		D61B10B02867AFA20071A8F4 /* PBXTargetDependency */ = {
			isa = PBXTargetDependency;
			target = D61B109D2867AF9F0071A8F4 /* SwiftUISwipe */;
			targetProxy = D61B10AF2867AFA20071A8F4 /* PBXContainerItemProxy */;
		};
		D61B10BA2867AFA20071A8F4 /* PBXTargetDependency */ = {
			isa = PBXTargetDependency;
			target = D61B109D2867AF9F0071A8F4 /* SwiftUISwipe */;
			targetProxy = D61B10B92867AFA20071A8F4 /* PBXContainerItemProxy */;
		};
/* End PBXTargetDependency section */

/* Begin XCBuildConfiguration section */
		D61B10C02867AFA20071A8F4 /* Debug */ = {
			isa = XCBuildConfiguration;
			buildSettings = {
				ALWAYS_SEARCH_USER_PATHS = NO;
				CLANG_ANALYZER_NONNULL = YES;
				CLANG_ANALYZER_NUMBER_OBJECT_CONVERSION = YES_AGGRESSIVE;
				CLANG_CXX_LANGUAGE_STANDARD = "gnu++17";
				CLANG_CXX_LIBRARY = "libc++";
				CLANG_ENABLE_MODULES = YES;
				CLANG_ENABLE_OBJC_ARC = YES;
				CLANG_ENABLE_OBJC_WEAK = YES;
				CLANG_WARN_BLOCK_CAPTURE_AUTORELEASING = YES;
				CLANG_WARN_BOOL_CONVERSION = YES;
				CLANG_WARN_COMMA = YES;
				CLANG_WARN_CONSTANT_CONVERSION = YES;
				CLANG_WARN_DEPRECATED_OBJC_IMPLEMENTATIONS = YES;
				CLANG_WARN_DIRECT_OBJC_ISA_USAGE = YES_ERROR;
				CLANG_WARN_DOCUMENTATION_COMMENTS = YES;
				CLANG_WARN_EMPTY_BODY = YES;
				CLANG_WARN_ENUM_CONVERSION = YES;
				CLANG_WARN_INFINITE_RECURSION = YES;
				CLANG_WARN_INT_CONVERSION = YES;
				CLANG_WARN_NON_LITERAL_NULL_CONVERSION = YES;
				CLANG_WARN_OBJC_IMPLICIT_RETAIN_SELF = YES;
				CLANG_WARN_OBJC_LITERAL_CONVERSION = YES;
				CLANG_WARN_OBJC_ROOT_CLASS = YES_ERROR;
				CLANG_WARN_QUOTED_INCLUDE_IN_FRAMEWORK_HEADER = YES;
				CLANG_WARN_RANGE_LOOP_ANALYSIS = YES;
				CLANG_WARN_STRICT_PROTOTYPES = YES;
				CLANG_WARN_SUSPICIOUS_MOVE = YES;
				CLANG_WARN_UNGUARDED_AVAILABILITY = YES_AGGRESSIVE;
				CLANG_WARN_UNREACHABLE_CODE = YES;
				CLANG_WARN__DUPLICATE_METHOD_MATCH = YES;
				COPY_PHASE_STRIP = NO;
				DEBUG_INFORMATION_FORMAT = dwarf;
				ENABLE_STRICT_OBJC_MSGSEND = YES;
				ENABLE_TESTABILITY = YES;
				GCC_C_LANGUAGE_STANDARD = gnu11;
				GCC_DYNAMIC_NO_PIC = NO;
				GCC_NO_COMMON_BLOCKS = YES;
				GCC_OPTIMIZATION_LEVEL = 0;
				GCC_PREPROCESSOR_DEFINITIONS = (
					"DEBUG=1",
					"$(inherited)",
				);
				GCC_WARN_64_TO_32_BIT_CONVERSION = YES;
				GCC_WARN_ABOUT_RETURN_TYPE = YES_ERROR;
				GCC_WARN_UNDECLARED_SELECTOR = YES;
				GCC_WARN_UNINITIALIZED_AUTOS = YES_AGGRESSIVE;
				GCC_WARN_UNUSED_FUNCTION = YES;
				GCC_WARN_UNUSED_VARIABLE = YES;
				IPHONEOS_DEPLOYMENT_TARGET = 15.2;
				MTL_ENABLE_DEBUG_INFO = INCLUDE_SOURCE;
				MTL_FAST_MATH = YES;
				ONLY_ACTIVE_ARCH = YES;
				SDKROOT = iphoneos;
				SWIFT_ACTIVE_COMPILATION_CONDITIONS = DEBUG;
				SWIFT_OPTIMIZATION_LEVEL = "-Onone";
			};
			name = Debug;
		};
		D61B10C12867AFA20071A8F4 /* Release */ = {
			isa = XCBuildConfiguration;
			buildSettings = {
				ALWAYS_SEARCH_USER_PATHS = NO;
				CLANG_ANALYZER_NONNULL = YES;
				CLANG_ANALYZER_NUMBER_OBJECT_CONVERSION = YES_AGGRESSIVE;
				CLANG_CXX_LANGUAGE_STANDARD = "gnu++17";
				CLANG_CXX_LIBRARY = "libc++";
				CLANG_ENABLE_MODULES = YES;
				CLANG_ENABLE_OBJC_ARC = YES;
				CLANG_ENABLE_OBJC_WEAK = YES;
				CLANG_WARN_BLOCK_CAPTURE_AUTORELEASING = YES;
				CLANG_WARN_BOOL_CONVERSION = YES;
				CLANG_WARN_COMMA = YES;
				CLANG_WARN_CONSTANT_CONVERSION = YES;
				CLANG_WARN_DEPRECATED_OBJC_IMPLEMENTATIONS = YES;
				CLANG_WARN_DIRECT_OBJC_ISA_USAGE = YES_ERROR;
				CLANG_WARN_DOCUMENTATION_COMMENTS = YES;
				CLANG_WARN_EMPTY_BODY = YES;
				CLANG_WARN_ENUM_CONVERSION = YES;
				CLANG_WARN_INFINITE_RECURSION = YES;
				CLANG_WARN_INT_CONVERSION = YES;
				CLANG_WARN_NON_LITERAL_NULL_CONVERSION = YES;
				CLANG_WARN_OBJC_IMPLICIT_RETAIN_SELF = YES;
				CLANG_WARN_OBJC_LITERAL_CONVERSION = YES;
				CLANG_WARN_OBJC_ROOT_CLASS = YES_ERROR;
				CLANG_WARN_QUOTED_INCLUDE_IN_FRAMEWORK_HEADER = YES;
				CLANG_WARN_RANGE_LOOP_ANALYSIS = YES;
				CLANG_WARN_STRICT_PROTOTYPES = YES;
				CLANG_WARN_SUSPICIOUS_MOVE = YES;
				CLANG_WARN_UNGUARDED_AVAILABILITY = YES_AGGRESSIVE;
				CLANG_WARN_UNREACHABLE_CODE = YES;
				CLANG_WARN__DUPLICATE_METHOD_MATCH = YES;
				COPY_PHASE_STRIP = NO;
				DEBUG_INFORMATION_FORMAT = "dwarf-with-dsym";
				ENABLE_NS_ASSERTIONS = NO;
				ENABLE_STRICT_OBJC_MSGSEND = YES;
				GCC_C_LANGUAGE_STANDARD = gnu11;
				GCC_NO_COMMON_BLOCKS = YES;
				GCC_WARN_64_TO_32_BIT_CONVERSION = YES;
				GCC_WARN_ABOUT_RETURN_TYPE = YES_ERROR;
				GCC_WARN_UNDECLARED_SELECTOR = YES;
				GCC_WARN_UNINITIALIZED_AUTOS = YES_AGGRESSIVE;
				GCC_WARN_UNUSED_FUNCTION = YES;
				GCC_WARN_UNUSED_VARIABLE = YES;
				IPHONEOS_DEPLOYMENT_TARGET = 15.2;
				MTL_ENABLE_DEBUG_INFO = NO;
				MTL_FAST_MATH = YES;
				SDKROOT = iphoneos;
				SWIFT_COMPILATION_MODE = wholemodule;
				SWIFT_OPTIMIZATION_LEVEL = "-O";
				VALIDATE_PRODUCT = YES;
			};
			name = Release;
		};
		D61B10C32867AFA20071A8F4 /* Debug */ = {
			isa = XCBuildConfiguration;
			buildSettings = {
				ASSETCATALOG_COMPILER_APPICON_NAME = AppIcon;
				ASSETCATALOG_COMPILER_GLOBAL_ACCENT_COLOR_NAME = AccentColor;
				CODE_SIGN_STYLE = Automatic;
				CURRENT_PROJECT_VERSION = 1;
				DEVELOPMENT_ASSET_PATHS = "\"SwiftUISwipe/Preview Content\"";
				DEVELOPMENT_TEAM = K6LJCT8RAA;
				ENABLE_PREVIEWS = YES;
				GENERATE_INFOPLIST_FILE = YES;
				INFOPLIST_KEY_UIApplicationSceneManifest_Generation = YES;
				INFOPLIST_KEY_UIApplicationSupportsIndirectInputEvents = YES;
				INFOPLIST_KEY_UILaunchScreen_Generation = YES;
				INFOPLIST_KEY_UISupportedInterfaceOrientations_iPad = "UIInterfaceOrientationPortrait UIInterfaceOrientationPortraitUpsideDown UIInterfaceOrientationLandscapeLeft UIInterfaceOrientationLandscapeRight";
				INFOPLIST_KEY_UISupportedInterfaceOrientations_iPhone = "UIInterfaceOrientationPortrait UIInterfaceOrientationLandscapeLeft UIInterfaceOrientationLandscapeRight";
				LD_RUNPATH_SEARCH_PATHS = (
					"$(inherited)",
					"@executable_path/Frameworks",
				);
				MARKETING_VERSION = 1.0;
				PRODUCT_BUNDLE_IDENTIFIER = com.swiftui.SwiftUISwipe;
				PRODUCT_NAME = "$(TARGET_NAME)";
				SWIFT_EMIT_LOC_STRINGS = YES;
				SWIFT_VERSION = 5.0;
				TARGETED_DEVICE_FAMILY = "1,2";
			};
			name = Debug;
		};
		D61B10C42867AFA20071A8F4 /* Release */ = {
			isa = XCBuildConfiguration;
			buildSettings = {
				ASSETCATALOG_COMPILER_APPICON_NAME = AppIcon;
				ASSETCATALOG_COMPILER_GLOBAL_ACCENT_COLOR_NAME = AccentColor;
				CODE_SIGN_STYLE = Automatic;
				CURRENT_PROJECT_VERSION = 1;
				DEVELOPMENT_ASSET_PATHS = "\"SwiftUISwipe/Preview Content\"";
				DEVELOPMENT_TEAM = K6LJCT8RAA;
				ENABLE_PREVIEWS = YES;
				GENERATE_INFOPLIST_FILE = YES;
				INFOPLIST_KEY_UIApplicationSceneManifest_Generation = YES;
				INFOPLIST_KEY_UIApplicationSupportsIndirectInputEvents = YES;
				INFOPLIST_KEY_UILaunchScreen_Generation = YES;
				INFOPLIST_KEY_UISupportedInterfaceOrientations_iPad = "UIInterfaceOrientationPortrait UIInterfaceOrientationPortraitUpsideDown UIInterfaceOrientationLandscapeLeft UIInterfaceOrientationLandscapeRight";
				INFOPLIST_KEY_UISupportedInterfaceOrientations_iPhone = "UIInterfaceOrientationPortrait UIInterfaceOrientationLandscapeLeft UIInterfaceOrientationLandscapeRight";
				LD_RUNPATH_SEARCH_PATHS = (
					"$(inherited)",
					"@executable_path/Frameworks",
				);
				MARKETING_VERSION = 1.0;
				PRODUCT_BUNDLE_IDENTIFIER = com.swiftui.SwiftUISwipe;
				PRODUCT_NAME = "$(TARGET_NAME)";
				SWIFT_EMIT_LOC_STRINGS = YES;
				SWIFT_VERSION = 5.0;
				TARGETED_DEVICE_FAMILY = "1,2";
			};
			name = Release;
		};
		D61B10C62867AFA20071A8F4 /* Debug */ = {
			isa = XCBuildConfiguration;
			buildSettings = {
				ALWAYS_EMBED_SWIFT_STANDARD_LIBRARIES = YES;
				BUNDLE_LOADER = "$(TEST_HOST)";
				CODE_SIGN_STYLE = Automatic;
				CURRENT_PROJECT_VERSION = 1;
				DEVELOPMENT_TEAM = K6LJCT8RAA;
				GENERATE_INFOPLIST_FILE = YES;
				IPHONEOS_DEPLOYMENT_TARGET = 15.2;
				MARKETING_VERSION = 1.0;
				PRODUCT_BUNDLE_IDENTIFIER = com.swiftui.SwiftUISwipeTests;
				PRODUCT_NAME = "$(TARGET_NAME)";
				SWIFT_EMIT_LOC_STRINGS = NO;
				SWIFT_VERSION = 5.0;
				TARGETED_DEVICE_FAMILY = "1,2";
				TEST_HOST = "$(BUILT_PRODUCTS_DIR)/SwiftUISwipe.app/SwiftUISwipe";
			};
			name = Debug;
		};
		D61B10C72867AFA20071A8F4 /* Release */ = {
			isa = XCBuildConfiguration;
			buildSettings = {
				ALWAYS_EMBED_SWIFT_STANDARD_LIBRARIES = YES;
				BUNDLE_LOADER = "$(TEST_HOST)";
				CODE_SIGN_STYLE = Automatic;
				CURRENT_PROJECT_VERSION = 1;
				DEVELOPMENT_TEAM = K6LJCT8RAA;
				GENERATE_INFOPLIST_FILE = YES;
				IPHONEOS_DEPLOYMENT_TARGET = 15.2;
				MARKETING_VERSION = 1.0;
				PRODUCT_BUNDLE_IDENTIFIER = com.swiftui.SwiftUISwipeTests;
				PRODUCT_NAME = "$(TARGET_NAME)";
				SWIFT_EMIT_LOC_STRINGS = NO;
				SWIFT_VERSION = 5.0;
				TARGETED_DEVICE_FAMILY = "1,2";
				TEST_HOST = "$(BUILT_PRODUCTS_DIR)/SwiftUISwipe.app/SwiftUISwipe";
			};
			name = Release;
		};
		D61B10C92867AFA20071A8F4 /* Debug */ = {
			isa = XCBuildConfiguration;
			buildSettings = {
				ALWAYS_EMBED_SWIFT_STANDARD_LIBRARIES = YES;
				CODE_SIGN_STYLE = Automatic;
				CURRENT_PROJECT_VERSION = 1;
				DEVELOPMENT_TEAM = K6LJCT8RAA;
				GENERATE_INFOPLIST_FILE = YES;
				MARKETING_VERSION = 1.0;
				PRODUCT_BUNDLE_IDENTIFIER = com.swiftui.SwiftUISwipeUITests;
				PRODUCT_NAME = "$(TARGET_NAME)";
				SWIFT_EMIT_LOC_STRINGS = NO;
				SWIFT_VERSION = 5.0;
				TARGETED_DEVICE_FAMILY = "1,2";
				TEST_TARGET_NAME = SwiftUISwipe;
			};
			name = Debug;
		};
		D61B10CA2867AFA20071A8F4 /* Release */ = {
			isa = XCBuildConfiguration;
			buildSettings = {
				ALWAYS_EMBED_SWIFT_STANDARD_LIBRARIES = YES;
				CODE_SIGN_STYLE = Automatic;
				CURRENT_PROJECT_VERSION = 1;
				DEVELOPMENT_TEAM = K6LJCT8RAA;
				GENERATE_INFOPLIST_FILE = YES;
				MARKETING_VERSION = 1.0;
				PRODUCT_BUNDLE_IDENTIFIER = com.swiftui.SwiftUISwipeUITests;
				PRODUCT_NAME = "$(TARGET_NAME)";
				SWIFT_EMIT_LOC_STRINGS = NO;
				SWIFT_VERSION = 5.0;
				TARGETED_DEVICE_FAMILY = "1,2";
				TEST_TARGET_NAME = SwiftUISwipe;
			};
			name = Release;
		};
/* End XCBuildConfiguration section */

/* Begin XCConfigurationList section */
		D61B10992867AF9F0071A8F4 /* Build configuration list for PBXProject "SwiftUISwipe" */ = {
			isa = XCConfigurationList;
			buildConfigurations = (
				D61B10C02867AFA20071A8F4 /* Debug */,
				D61B10C12867AFA20071A8F4 /* Release */,
			);
			defaultConfigurationIsVisible = 0;
			defaultConfigurationName = Release;
		};
		D61B10C22867AFA20071A8F4 /* Build configuration list for PBXNativeTarget "SwiftUISwipe" */ = {
			isa = XCConfigurationList;
			buildConfigurations = (
				D61B10C32867AFA20071A8F4 /* Debug */,
				D61B10C42867AFA20071A8F4 /* Release */,
			);
			defaultConfigurationIsVisible = 0;
			defaultConfigurationName = Release;
		};
		D61B10C52867AFA20071A8F4 /* Build configuration list for PBXNativeTarget "SwiftUISwipeTests" */ = {
			isa = XCConfigurationList;
			buildConfigurations = (
				D61B10C62867AFA20071A8F4 /* Debug */,
				D61B10C72867AFA20071A8F4 /* Release */,
			);
			defaultConfigurationIsVisible = 0;
			defaultConfigurationName = Release;
		};
		D61B10C82867AFA20071A8F4 /* Build configuration list for PBXNativeTarget "SwiftUISwipeUITests" */ = {
			isa = XCConfigurationList;
			buildConfigurations = (
				D61B10C92867AFA20071A8F4 /* Debug */,
				D61B10CA2867AFA20071A8F4 /* Release */,
			);
			defaultConfigurationIsVisible = 0;
			defaultConfigurationName = Release;
		};
/* End XCConfigurationList section */
	};
	rootObject = D61B10962867AF9F0071A8F4 /* Project object */;
}
